
Microsoft Visual Studio Solution File, Format Version 12.00
# Visual Studio 15
VisualStudioVersion = 15.0.28307.1738
MinimumVisualStudioVersion = 10.0.40219.1
Project("{888888A0-9F3D-457C-B088-3A5042F75D52}") = "EEG_SSVEP2", "EEG_SSVEP2\EEG_SSVEP2.pyproj", "{83D9522F-329B-4121-9466-C3892AB13BAB}"
EndProject
Global
	GlobalSection(SolutionConfigurationPlatforms) = preSolution
		Debug|Any CPU = Debug|Any CPU
		Release|Any CPU = Release|Any CPU
	EndGlobalSection
	GlobalSection(ProjectConfigurationPlatforms) = postSolution
		{83D9522F-329B-4121-9466-C3892AB13BAB}.Debug|Any CPU.ActiveCfg = Debug|Any CPU
		{83D9522F-329B-4121-9466-C3892AB13BAB}.Release|Any CPU.ActiveCfg = Release|Any CPU
	EndGlobalSection
	GlobalSection(SolutionProperties) = preSolution
		HideSolutionNode = FALSE
	EndGlobalSection
	GlobalSection(ExtensibilityGlobals) = postSolution
		SolutionGuid = {6C98ACA0-89B2-46FE-8322-4F30F0D38EC1}
	EndGlobalSection
EndGlobal
